
Microsoft Visual Studio Solution File, Format Version 12.00
# Visual Studio Version 17
VisualStudioVersion = 17.5.33516.290
MinimumVisualStudioVersion = 10.0.40219.1
Project("{FAE04EC0-301F-11D3-BF4B-00C04F79EFBC}") = "ProgrammingClass4.AngularLesson", "ProgrammingClass4.AngularLesson\ProgrammingClass4.AngularLesson.csproj", "{D14A7E95-1014-47A1-955B-D55D2D47E3F3}"
EndProject
Global
	GlobalSection(SolutionConfigurationPlatforms) = preSolution
		Debug|Any CPU = Debug|Any CPU
		Release|Any CPU = Release|Any CPU
	EndGlobalSection
	GlobalSection(ProjectConfigurationPlatforms) = postSolution
		{D14A7E95-1014-47A1-955B-D55D2D47E3F3}.Debug|Any CPU.ActiveCfg = Debug|Any CPU
		{D14A7E95-1014-47A1-955B-D55D2D47E3F3}.Debug|Any CPU.Build.0 = Debug|Any CPU
		{D14A7E95-1014-47A1-955B-D55D2D47E3F3}.Release|Any CPU.ActiveCfg = Release|Any CPU
		{D14A7E95-1014-47A1-955B-D55D2D47E3F3}.Release|Any CPU.Build.0 = Release|Any CPU
	EndGlobalSection
	GlobalSection(SolutionProperties) = preSolution
		HideSolutionNode = FALSE
	EndGlobalSection
	GlobalSection(ExtensibilityGlobals) = postSolution
		SolutionGuid = {3B9B3569-6F4F-4EDE-AB71-898A9D3E8C9F}
	EndGlobalSection
EndGlobal
